{
  "version": 4,
  "terraform_version": "1.15.8",
  "serial": 24,
  "lineage": "5c82c859-a8ae-6a8b-04a3-3249d73e61b4",
  "outputs": {
    "artifact_registry_repo": {
      "value": "us-central1-docker.pkg.dev/amazon-device-support-bot/amazon-device-support-bot/app",
      "type": "string"
    },
    "cloud_run_url": {
      "value": "https://amazon-device-support-bot-fmbp5s3cjq-uc.a.run.app",
      "type": "string"
    }
  },
  "resources": [
    {
      "mode": "managed",
      "type": "google_artifact_registry_repository",
      "name": "bot",
      "provider": "provider[\"registry.terraform.io/hashicorp/google\"]",
      "instances": [
        {
          "schema_version": 0,
          "attributes": {
            "cleanup_policies": [],
            "cleanup_policy_dry_run": false,
            "create_time": "2026-07-21T20:31:36.673238Z",
            "description": "Docker images for the Kindle support bot",
            "docker_config": [],
            "effective_labels": {},
            "format": "DOCKER",
            "id": "projects/amazon-device-support-bot/locations/us-central1/repositories/amazon-device-support-bot",
            "kms_key_name": "",
            "labels": {},
            "location": "us-central1",
            "maven_config": [],
            "mode": "STANDARD_REPOSITORY",
            "name": "amazon-device-support-bot",
            "project": "amazon-device-support-bot",
            "remote_repository_config": [],
            "repository_id": "amazon-device-support-bot",
            "terraform_labels": {},
            "timeouts": null,
            "update_time": "2026-07-22T04:41:32.668304Z",
            "virtual_repository_config": []
          },
          "sensitive_attributes": [],
          "identity_schema_version": 0,
          "private": "eyJlMmJmYjczMC1lY2FhLTExZTYtOGY4OC0zNDM2M2JjN2M0YzAiOnsiY3JlYXRlIjoxMjAwMDAwMDAwMDAwLCJkZWxldGUiOjEyMDAwMDAwMDAwMDAsInVwZGF0ZSI6MTIwMDAwMDAwMDAwMH19"
        }
      ]
    },
    {
      "mode": "managed",
      "type": "google_cloud_run_v2_service",
      "name": "bot",
      "provider": "provider[\"registry.terraform.io/hashicorp/google\"]",
      "instances": [
        {
          "schema_version": 0,
          "attributes": {
            "annotations": null,
            "binary_authorization": [],
            "client": "",
            "client_version": "",
            "conditions": [
              {
                "execution_reason": "",
                "last_transition_time": "2026-07-22T04:42:59.856524Z",
                "message": "",
                "reason": "",
                "revision_reason": "",
                "severity": "",
                "state": "CONDITION_SUCCEEDED",
                "type": "RoutesReady"
              },
              {
                "execution_reason": "",
                "last_transition_time": "2026-07-22T04:42:58.703088Z",
                "message": "",
                "reason": "",
                "revision_reason": "",
                "severity": "",
                "state": "CONDITION_SUCCEEDED",
                "type": "ConfigurationsReady"
              }
            ],
            "create_time": "2026-07-22T04:42:10.436136Z",
            "creator": "sagrika1323@gmail.com",
            "custom_audiences": null,
            "delete_time": "",
            "description": "",
            "effective_annotations": {},
            "effective_labels": {},
            "etag": "\"CKKUgdMGEMDQ-88B/cHJvamVjdHMvYW1hem9uLWRldmljZS1zdXBwb3J0LWJvdC9sb2NhdGlvbnMvdXMtY2VudHJhbDEvc2VydmljZXMvYW1hem9uLWRldmljZS1zdXBwb3J0LWJvdA\"",
            "expire_time": "",
            "generation": "1",
            "id": "projects/amazon-device-support-bot/locations/us-central1/services/amazon-device-support-bot",
            "ingress": "INGRESS_TRAFFIC_ALL",
            "labels": null,
            "last_modifier": "sagrika1323@gmail.com",
            "latest_created_revision": "projects/amazon-device-support-bot/locations/us-central1/services/amazon-device-support-bot/revisions/amazon-device-support-bot-00001-xl5",
            "latest_ready_revision": "projects/amazon-device-support-bot/locations/us-central1/services/amazon-device-support-bot/revisions/amazon-device-support-bot-00001-xl5",
            "launch_stage": "GA",
            "location": "us-central1",
            "name": "amazon-device-support-bot",
            "observed_generation": "1",
            "project": "amazon-device-support-bot",
            "reconciling": false,
            "template": [
              {
                "annotations": null,
                "containers": [
                  {
                    "args": null,
                    "command": null,
                    "depends_on": null,
                    "env": [
                      {
                        "name": "OPENAI_API_KEY",
                        "value": "",
                        "value_source": [
                          {
                            "secret_key_ref": [
                              {
                                "secret": "openai-api-key",
                                "version": "latest"
                              }
                            ]
                          }
                        ]
                      },
                      {
                        "name": "JWT_SECRET",
                        "value": "",
                        "value_source": [
                          {
                            "secret_key_ref": [
                              {
                                "secret": "jwt-secret",
                                "version": "latest"
                              }
                            ]
                          }
                        ]
                      },
                      {
                        "name": "LANGCHAIN_API_KEY",
                        "value": "",
                        "value_source": [
                          {
                            "secret_key_ref": [
                              {
                                "secret": "langchain-api-key",
                                "version": "latest"
                              }
                            ]
                          }
                        ]
                      },
                      {
                        "name": "POSTGRES_DSN",
                        "value": "",
                        "value_source": [
                          {
                            "secret_key_ref": [
                              {
                                "secret": "postgres-dsn",
                                "version": "latest"
                              }
                            ]
                          }
                        ]
                      },
                      {
                        "name": "MONGODB_URI",
                        "value": "",
                        "value_source": [
                          {
                            "secret_key_ref": [
                              {
                                "secret": "mongodb-uri",
                                "version": "latest"
                              }
                            ]
                          }
                        ]
                      },
                      {
                        "name": "LANGCHAIN_TRACING_V2",
                        "value": "true",
                        "value_source": []
                      },
                      {
                        "name": "GPTCACHE_URL",
                        "value": "",
                        "value_source": []
                      }
                    ],
                    "image": "us-central1-docker.pkg.dev/amazon-device-support-bot/amazon-device-support-bot/app:latest",
                    "liveness_probe": [],
                    "name": "",
                    "ports": [
                      {
                        "container_port": 8080,
                        "name": "http1"
                      }
                    ],
                    "resources": [
                      {
                        "cpu_idle": false,
                        "limits": {
                          "cpu": "1",
                          "memory": "4Gi"
                        },
                        "startup_cpu_boost": false
                      }
                    ],
                    "startup_probe": [
                      {
                        "failure_threshold": 1,
                        "grpc": [],
                        "http_get": [],
                        "initial_delay_seconds": 0,
                        "period_seconds": 240,
                        "tcp_socket": [
                          {
                            "port": 8080
                          }
                        ],
                        "timeout_seconds": 240
                      }
                    ],
                    "volume_mounts": [],
                    "working_dir": ""
                  }
                ],
                "encryption_key": "",
                "execution_environment": "",
                "labels": null,
                "max_instance_request_concurrency": 160,
                "revision": "",
                "scaling": [
                  {
                    "max_instance_count": 2,
                    "min_instance_count": 0
                  }
                ],
                "service_account": "kindle-bot-runner@amazon-device-support-bot.iam.gserviceaccount.com",
                "session_affinity": false,
                "timeout": "300s",
                "volumes": [],
                "vpc_access": []
              }
            ],
            "terminal_condition": [
              {
                "execution_reason": "",
                "last_transition_time": "2026-07-22T04:42:59.897744Z",
                "message": "",
                "reason": "",
                "revision_reason": "",
                "severity": "",
                "state": "CONDITION_SUCCEEDED",
                "type": "Ready"
              }
            ],
            "terraform_labels": {},
            "timeouts": null,
            "traffic": [
              {
                "percent": 100,
                "revision": "",
                "tag": "",
                "type": "TRAFFIC_TARGET_ALLOCATION_TYPE_LATEST"
              }
            ],
            "traffic_statuses": [
              {
                "percent": 100,
                "revision": "",
                "tag": "",
                "type": "TRAFFIC_TARGET_ALLOCATION_TYPE_LATEST",
                "uri": ""
              }
            ],
            "uid": "690b2d88-f18d-48e6-912a-a96aa72e7dd1",
            "update_time": "2026-07-22T04:42:10.436136Z",
            "uri": "https://amazon-device-support-bot-fmbp5s3cjq-uc.a.run.app"
          },
          "sensitive_attributes": [],
          "identity_schema_version": 0,
          "private": "eyJlMmJmYjczMC1lY2FhLTExZTYtOGY4OC0zNDM2M2JjN2M0YzAiOnsiY3JlYXRlIjoxMjAwMDAwMDAwMDAwLCJkZWxldGUiOjEyMDAwMDAwMDAwMDAsInVwZGF0ZSI6MTIwMDAwMDAwMDAwMH19",
          "dependencies": [
            "google_project_iam_member.secret_accessor",
            "google_secret_manager_secret.jwt_secret",
            "google_secret_manager_secret.langchain_api_key",
            "google_secret_manager_secret.mongodb_uri",
            "google_secret_manager_secret.openai_api_key",
            "google_secret_manager_secret.postgres_dsn",
            "google_service_account.cloud_run_sa"
          ]
        }
      ]
    },
    {
      "mode": "managed",
      "type": "google_cloud_run_v2_service_iam_member",
      "name": "public",
      "provider": "provider[\"registry.terraform.io/hashicorp/google\"]",
      "instances": [
        {
          "schema_version": 0,
          "attributes": {
            "condition": [],
            "etag": "BwZXK8bHwXk=",
            "id": "projects/amazon-device-support-bot/locations/us-central1/services/amazon-device-support-bot/roles/run.invoker/allUsers",
            "location": "us-central1",
            "member": "allUsers",
            "name": "projects/amazon-device-support-bot/locations/us-central1/services/amazon-device-support-bot",
            "project": "amazon-device-support-bot",
            "role": "roles/run.invoker"
          },
          "sensitive_attributes": [],
          "identity_schema_version": 0,
          "private": "bnVsbA==",
          "dependencies": [
            "google_cloud_run_v2_service.bot",
            "google_project_iam_member.secret_accessor",
            "google_secret_manager_secret.jwt_secret",
            "google_secret_manager_secret.langchain_api_key",
            "google_secret_manager_secret.mongodb_uri",
            "google_secret_manager_secret.openai_api_key",
            "google_secret_manager_secret.postgres_dsn",
            "google_service_account.cloud_run_sa"
          ]
        }
      ]
    },
    {
      "mode": "managed",
      "type": "google_project_iam_member",
      "name": "secret_accessor",
      "provider": "provider[\"registry.terraform.io/hashicorp/google\"]",
      "instances": [
        {
          "schema_version": 0,
          "attributes": {
            "condition": [],
            "etag": "BwZXJOmmUcY=",
            "id": "amazon-device-support-bot/roles/secretmanager.secretAccessor/serviceAccount:kindle-bot-runner@amazon-device-support-bot.iam.gserviceaccount.com",
            "member": "serviceAccount:kindle-bot-runner@amazon-device-support-bot.iam.gserviceaccount.com",
            "project": "amazon-device-support-bot",
            "role": "roles/secretmanager.secretAccessor"
          },
          "sensitive_attributes": [],
          "identity_schema_version": 0,
          "private": "bnVsbA==",
          "dependencies": [
            "google_service_account.cloud_run_sa"
          ]
        }
      ]
    },
    {
      "mode": "managed",
      "type": "google_secret_manager_secret",
      "name": "jwt_secret",
      "provider": "provider[\"registry.terraform.io/hashicorp/google\"]",
      "instances": [
        {
          "schema_version": 0,
          "attributes": {
            "annotations": {},
            "create_time": "2026-07-21T20:31:24.806188Z",
            "effective_annotations": {},
            "effective_labels": {},
            "expire_time": "",
            "id": "projects/amazon-device-support-bot/secrets/jwt-secret",
            "labels": {},
            "name": "projects/120269471409/secrets/jwt-secret",
            "project": "amazon-device-support-bot",
            "replication": [
              {
                "auto": [
                  {
                    "customer_managed_encryption": []
                  }
                ],
                "user_managed": []
              }
            ],
            "rotation": [],
            "secret_id": "jwt-secret",
            "terraform_labels": {},
            "timeouts": null,
            "topics": [],
            "ttl": null,
            "version_aliases": {},
            "version_destroy_ttl": ""
          },
          "sensitive_attributes": [],
          "identity_schema_version": 0,
          "private": "eyJlMmJmYjczMC1lY2FhLTExZTYtOGY4OC0zNDM2M2JjN2M0YzAiOnsiY3JlYXRlIjoxMjAwMDAwMDAwMDAwLCJkZWxldGUiOjEyMDAwMDAwMDAwMDAsInVwZGF0ZSI6MTIwMDAwMDAwMDAwMH19"
        }
      ]
    },
    {
      "mode": "managed",
      "type": "google_secret_manager_secret",
      "name": "langchain_api_key",
      "provider": "provider[\"registry.terraform.io/hashicorp/google\"]",
      "instances": [
        {
          "schema_version": 0,
          "attributes": {
            "annotations": {},
            "create_time": "2026-07-21T20:31:24.588495Z",
            "effective_annotations": {},
            "effective_labels": {},
            "expire_time": "",
            "id": "projects/amazon-device-support-bot/secrets/langchain-api-key",
            "labels": {},
            "name": "projects/120269471409/secrets/langchain-api-key",
            "project": "amazon-device-support-bot",
            "replication": [
              {
                "auto": [
                  {
                    "customer_managed_encryption": []
                  }
                ],
                "user_managed": []
              }
            ],
            "rotation": [],
            "secret_id": "langchain-api-key",
            "terraform_labels": {},
            "timeouts": null,
            "topics": [],
            "ttl": null,
            "version_aliases": {},
            "version_destroy_ttl": ""
          },
          "sensitive_attributes": [],
          "identity_schema_version": 0,
          "private": "eyJlMmJmYjczMC1lY2FhLTExZTYtOGY4OC0zNDM2M2JjN2M0YzAiOnsiY3JlYXRlIjoxMjAwMDAwMDAwMDAwLCJkZWxldGUiOjEyMDAwMDAwMDAwMDAsInVwZGF0ZSI6MTIwMDAwMDAwMDAwMH19"
        }
      ]
    },
    {
      "mode": "managed",
      "type": "google_secret_manager_secret",
      "name": "mongodb_uri",
      "provider": "provider[\"registry.terraform.io/hashicorp/google\"]",
      "instances": [
        {
          "schema_version": 0,
          "attributes": {
            "annotations": {},
            "create_time": "2026-07-21T20:31:24.380662Z",
            "effective_annotations": {},
            "effective_labels": {},
            "expire_time": "",
            "id": "projects/amazon-device-support-bot/secrets/mongodb-uri",
            "labels": {},
            "name": "projects/120269471409/secrets/mongodb-uri",
            "project": "amazon-device-support-bot",
            "replication": [
              {
                "auto": [
                  {
                    "customer_managed_encryption": []
                  }
                ],
                "user_managed": []
              }
            ],
            "rotation": [],
            "secret_id": "mongodb-uri",
            "terraform_labels": {},
            "timeouts": null,
            "topics": [],
            "ttl": null,
            "version_aliases": {},
            "version_destroy_ttl": ""
          },
          "sensitive_attributes": [],
          "identity_schema_version": 0,
          "private": "eyJlMmJmYjczMC1lY2FhLTExZTYtOGY4OC0zNDM2M2JjN2M0YzAiOnsiY3JlYXRlIjoxMjAwMDAwMDAwMDAwLCJkZWxldGUiOjEyMDAwMDAwMDAwMDAsInVwZGF0ZSI6MTIwMDAwMDAwMDAwMH19"
        }
      ]
    },
    {
      "mode": "managed",
      "type": "google_secret_manager_secret",
      "name": "openai_api_key",
      "provider": "provider[\"registry.terraform.io/hashicorp/google\"]",
      "instances": [
        {
          "schema_version": 0,
          "attributes": {
            "annotations": {},
            "create_time": "2026-07-21T20:31:24.379316Z",
            "effective_annotations": {},
            "effective_labels": {},
            "expire_time": "",
            "id": "projects/amazon-device-support-bot/secrets/openai-api-key",
            "labels": {},
            "name": "projects/120269471409/secrets/openai-api-key",
            "project": "amazon-device-support-bot",
            "replication": [
              {
                "auto": [
                  {
                    "customer_managed_encryption": []
                  }
                ],
                "user_managed": []
              }
            ],
            "rotation": [],
            "secret_id": "openai-api-key",
            "terraform_labels": {},
            "timeouts": null,
            "topics": [],
            "ttl": null,
            "version_aliases": {},
            "version_destroy_ttl": ""
          },
          "sensitive_attributes": [],
          "identity_schema_version": 0,
          "private": "eyJlMmJmYjczMC1lY2FhLTExZTYtOGY4OC0zNDM2M2JjN2M0YzAiOnsiY3JlYXRlIjoxMjAwMDAwMDAwMDAwLCJkZWxldGUiOjEyMDAwMDAwMDAwMDAsInVwZGF0ZSI6MTIwMDAwMDAwMDAwMH19"
        }
      ]
    },
    {
      "mode": "managed",
      "type": "google_secret_manager_secret",
      "name": "postgres_dsn",
      "provider": "provider[\"registry.terraform.io/hashicorp/google\"]",
      "instances": [
        {
          "schema_version": 0,
          "attributes": {
            "annotations": {},
            "create_time": "2026-07-21T20:31:24.379141Z",
            "effective_annotations": {},
            "effective_labels": {},
            "expire_time": "",
            "id": "projects/amazon-device-support-bot/secrets/postgres-dsn",
            "labels": {},
            "name": "projects/120269471409/secrets/postgres-dsn",
            "project": "amazon-device-support-bot",
            "replication": [
              {
                "auto": [
                  {
                    "customer_managed_encryption": []
                  }
                ],
                "user_managed": []
              }
            ],
            "rotation": [],
            "secret_id": "postgres-dsn",
            "terraform_labels": {},
            "timeouts": null,
            "topics": [],
            "ttl": null,
            "version_aliases": {},
            "version_destroy_ttl": ""
          },
          "sensitive_attributes": [],
          "identity_schema_version": 0,
          "private": "eyJlMmJmYjczMC1lY2FhLTExZTYtOGY4OC0zNDM2M2JjN2M0YzAiOnsiY3JlYXRlIjoxMjAwMDAwMDAwMDAwLCJkZWxldGUiOjEyMDAwMDAwMDAwMDAsInVwZGF0ZSI6MTIwMDAwMDAwMDAwMH19"
        }
      ]
    },
    {
      "mode": "managed",
      "type": "google_service_account",
      "name": "cloud_run_sa",
      "provider": "provider[\"registry.terraform.io/hashicorp/google\"]",
      "instances": [
        {
          "schema_version": 0,
          "attributes": {
            "account_id": "kindle-bot-runner",
            "create_ignore_already_exists": null,
            "description": "",
            "disabled": false,
            "display_name": "Kindle Bot Cloud Run Service Account",
            "email": "kindle-bot-runner@amazon-device-support-bot.iam.gserviceaccount.com",
            "id": "projects/amazon-device-support-bot/serviceAccounts/kindle-bot-runner@amazon-device-support-bot.iam.gserviceaccount.com",
            "member": "serviceAccount:kindle-bot-runner@amazon-device-support-bot.iam.gserviceaccount.com",
            "name": "projects/amazon-device-support-bot/serviceAccounts/kindle-bot-runner@amazon-device-support-bot.iam.gserviceaccount.com",
            "project": "amazon-device-support-bot",
            "timeouts": null,
            "unique_id": "100812810279231544173"
          },
          "sensitive_attributes": [],
          "identity_schema_version": 0,
          "private": "eyJlMmJmYjczMC1lY2FhLTExZTYtOGY4OC0zNDM2M2JjN2M0YzAiOnsiY3JlYXRlIjozMDAwMDAwMDAwMDB9fQ=="
        }
      ]
    }
  ],
  "check_results": null
}
